
Microsoft Visual Studio Solution File, Format Version 12.00
# Visual Studio Version 17
VisualStudioVersion = 17.0.31903.59
MinimumVisualStudioVersion = 10.0.40219.1
Project("{FAE04EC0-301F-11D3-BF4B-00C04F79EFBC}") = "EscolarWeb", "EscolarWeb\EscolarWeb.csproj", "{A3963653-0537-4256-B717-EEAA970F9B55}"
EndProject
Project("{FAE04EC0-301F-11D3-BF4B-00C04F79EFBC}") = "Domain", "Domain\Domain.csproj", "{5DDD289B-4FA9-4397-87A8-713C831F9EE5}"
EndProject
Project("{FAE04EC0-301F-11D3-BF4B-00C04F79EFBC}") = "Repository", "Repository\Repository.csproj", "{C1A414D8-EBB1-45BB-ACEB-35F1ED4BBACB}"
EndProject
Global
	GlobalSection(SolutionConfigurationPlatforms) = preSolution
		Debug|Any CPU = Debug|Any CPU
		Release|Any CPU = Release|Any CPU
	EndGlobalSection
	GlobalSection(SolutionProperties) = preSolution
		HideSolutionNode = FALSE
	EndGlobalSection
	GlobalSection(ProjectConfigurationPlatforms) = postSolution
		{A3963653-0537-4256-B717-EEAA970F9B55}.Debug|Any CPU.ActiveCfg = Debug|Any CPU
		{A3963653-0537-4256-B717-EEAA970F9B55}.Debug|Any CPU.Build.0 = Debug|Any CPU
		{A3963653-0537-4256-B717-EEAA970F9B55}.Release|Any CPU.ActiveCfg = Release|Any CPU
		{A3963653-0537-4256-B717-EEAA970F9B55}.Release|Any CPU.Build.0 = Release|Any CPU
		{5DDD289B-4FA9-4397-87A8-713C831F9EE5}.Debug|Any CPU.ActiveCfg = Debug|Any CPU
		{5DDD289B-4FA9-4397-87A8-713C831F9EE5}.Debug|Any CPU.Build.0 = Debug|Any CPU
		{5DDD289B-4FA9-4397-87A8-713C831F9EE5}.Release|Any CPU.ActiveCfg = Release|Any CPU
		{5DDD289B-4FA9-4397-87A8-713C831F9EE5}.Release|Any CPU.Build.0 = Release|Any CPU
		{C1A414D8-EBB1-45BB-ACEB-35F1ED4BBACB}.Debug|Any CPU.ActiveCfg = Debug|Any CPU
		{C1A414D8-EBB1-45BB-ACEB-35F1ED4BBACB}.Debug|Any CPU.Build.0 = Debug|Any CPU
		{C1A414D8-EBB1-45BB-ACEB-35F1ED4BBACB}.Release|Any CPU.ActiveCfg = Release|Any CPU
		{C1A414D8-EBB1-45BB-ACEB-35F1ED4BBACB}.Release|Any CPU.Build.0 = Release|Any CPU
	EndGlobalSection
EndGlobal
