
Microsoft Visual Studio Solution File, Format Version 12.00
# Visual Studio Version 17
VisualStudioVersion = 17.0.31903.59
MinimumVisualStudioVersion = 10.0.40219.1
Project("{2150E333-8FDC-42A3-9474-1A3956D46DE8}") = "Data", "Data", "{F42BE74E-19BA-4472-9267-2412AA2DABD6}"
	ProjectSection(SolutionItems) = preProject
	EndProjectSection
EndProject
Project("{2150E333-8FDC-42A3-9474-1A3956D46DE8}") = "Repository", "Repository", "{57112775-9973-43DA-8D4D-A000D3542D43}"
EndProject
Project("{2150E333-8FDC-42A3-9474-1A3956D46DE8}") = "Domain", "Domain", "{C6607626-E027-4AD5-A0D1-510534555051}"
EndProject
Project("{FAE04EC0-301F-11D3-BF4B-00C04F79EFBC}") = "DataBase", "Data\DataBase.csproj", "{BB640C16-50AD-432F-849D-BE4461E97BCB}"
EndProject
Project("{FAE04EC0-301F-11D3-BF4B-00C04F79EFBC}") = "Domain", "Domain\Domain.csproj", "{8C8E67FD-47A1-4AE2-8D63-25CDE8F521E4}"
EndProject
Project("{FAE04EC0-301F-11D3-BF4B-00C04F79EFBC}") = "Repository", "Repository\Repository.csproj", "{61292645-81DA-41FF-8087-4B455AEABE4F}"
EndProject
Project("{2150E333-8FDC-42A3-9474-1A3956D46DE8}") = "Tests", "Tests", "{C79E193E-3BDD-4A56-A133-654FB0D429D7}"
EndProject
Project("{FAE04EC0-301F-11D3-BF4B-00C04F79EFBC}") = "ValidatorTest.Tests", "Tests\ValidatorTests\ValidatorTest.Tests.csproj", "{4DC86993-7BED-4869-8F7D-3F3EE96A8DEA}"
EndProject
Project("{FAE04EC0-301F-11D3-BF4B-00C04F79EFBC}") = "EscolarWeb", "EscolarWeb\EscolarWeb.csproj", "{E375675E-8995-4320-AF34-5DC4BF599626}"
EndProject
Project("{FAE04EC0-301F-11D3-BF4B-00C04F79EFBC}") = "RepositoryTest", "Tests\RepositoryTests\RepositoryTest\RepositoryTest.csproj", "{C91E4D86-E4ED-4E72-863C-96BF52C3B980}"
EndProject
Global
	GlobalSection(SolutionProperties) = preSolution
		HideSolutionNode = FALSE
	EndGlobalSection
	GlobalSection(NestedProjects) = preSolution
		{BB640C16-50AD-432F-849D-BE4461E97BCB} = {F42BE74E-19BA-4472-9267-2412AA2DABD6}
		{8C8E67FD-47A1-4AE2-8D63-25CDE8F521E4} = {C6607626-E027-4AD5-A0D1-510534555051}
		{61292645-81DA-41FF-8087-4B455AEABE4F} = {57112775-9973-43DA-8D4D-A000D3542D43}
		{4DC86993-7BED-4869-8F7D-3F3EE96A8DEA} = {C79E193E-3BDD-4A56-A133-654FB0D429D7}
		{C91E4D86-E4ED-4E72-863C-96BF52C3B980} = {C79E193E-3BDD-4A56-A133-654FB0D429D7}
	EndGlobalSection
	GlobalSection(SolutionConfigurationPlatforms) = preSolution
		Debug|Any CPU = Debug|Any CPU
		Debug|x64 = Debug|x64
		Debug|x86 = Debug|x86
		Release|Any CPU = Release|Any CPU
		Release|x64 = Release|x64
		Release|x86 = Release|x86
	EndGlobalSection
	GlobalSection(ProjectConfigurationPlatforms) = postSolution
		{BB640C16-50AD-432F-849D-BE4461E97BCB}.Debug|Any CPU.ActiveCfg = Debug|Any CPU
		{BB640C16-50AD-432F-849D-BE4461E97BCB}.Debug|Any CPU.Build.0 = Debug|Any CPU
		{BB640C16-50AD-432F-849D-BE4461E97BCB}.Debug|x64.ActiveCfg = Debug|Any CPU
		{BB640C16-50AD-432F-849D-BE4461E97BCB}.Debug|x64.Build.0 = Debug|Any CPU
		{BB640C16-50AD-432F-849D-BE4461E97BCB}.Debug|x86.ActiveCfg = Debug|Any CPU
		{BB640C16-50AD-432F-849D-BE4461E97BCB}.Debug|x86.Build.0 = Debug|Any CPU
		{BB640C16-50AD-432F-849D-BE4461E97BCB}.Release|Any CPU.ActiveCfg = Release|Any CPU
		{BB640C16-50AD-432F-849D-BE4461E97BCB}.Release|Any CPU.Build.0 = Release|Any CPU
		{BB640C16-50AD-432F-849D-BE4461E97BCB}.Release|x64.ActiveCfg = Release|Any CPU
		{BB640C16-50AD-432F-849D-BE4461E97BCB}.Release|x64.Build.0 = Release|Any CPU
		{BB640C16-50AD-432F-849D-BE4461E97BCB}.Release|x86.ActiveCfg = Release|Any CPU
		{BB640C16-50AD-432F-849D-BE4461E97BCB}.Release|x86.Build.0 = Release|Any CPU
		{8C8E67FD-47A1-4AE2-8D63-25CDE8F521E4}.Debug|Any CPU.ActiveCfg = Debug|Any CPU
		{8C8E67FD-47A1-4AE2-8D63-25CDE8F521E4}.Debug|Any CPU.Build.0 = Debug|Any CPU
		{8C8E67FD-47A1-4AE2-8D63-25CDE8F521E4}.Debug|x64.ActiveCfg = Debug|Any CPU
		{8C8E67FD-47A1-4AE2-8D63-25CDE8F521E4}.Debug|x64.Build.0 = Debug|Any CPU
		{8C8E67FD-47A1-4AE2-8D63-25CDE8F521E4}.Debug|x86.ActiveCfg = Debug|Any CPU
		{8C8E67FD-47A1-4AE2-8D63-25CDE8F521E4}.Debug|x86.Build.0 = Debug|Any CPU
		{8C8E67FD-47A1-4AE2-8D63-25CDE8F521E4}.Release|Any CPU.ActiveCfg = Release|Any CPU
		{8C8E67FD-47A1-4AE2-8D63-25CDE8F521E4}.Release|Any CPU.Build.0 = Release|Any CPU
		{8C8E67FD-47A1-4AE2-8D63-25CDE8F521E4}.Release|x64.ActiveCfg = Release|Any CPU
		{8C8E67FD-47A1-4AE2-8D63-25CDE8F521E4}.Release|x64.Build.0 = Release|Any CPU
		{8C8E67FD-47A1-4AE2-8D63-25CDE8F521E4}.Release|x86.ActiveCfg = Release|Any CPU
		{8C8E67FD-47A1-4AE2-8D63-25CDE8F521E4}.Release|x86.Build.0 = Release|Any CPU
		{61292645-81DA-41FF-8087-4B455AEABE4F}.Debug|Any CPU.ActiveCfg = Debug|Any CPU
		{61292645-81DA-41FF-8087-4B455AEABE4F}.Debug|Any CPU.Build.0 = Debug|Any CPU
		{61292645-81DA-41FF-8087-4B455AEABE4F}.Debug|x64.ActiveCfg = Debug|Any CPU
		{61292645-81DA-41FF-8087-4B455AEABE4F}.Debug|x64.Build.0 = Debug|Any CPU
		{61292645-81DA-41FF-8087-4B455AEABE4F}.Debug|x86.ActiveCfg = Debug|Any CPU
		{61292645-81DA-41FF-8087-4B455AEABE4F}.Debug|x86.Build.0 = Debug|Any CPU
		{61292645-81DA-41FF-8087-4B455AEABE4F}.Release|Any CPU.ActiveCfg = Release|Any CPU
		{61292645-81DA-41FF-8087-4B455AEABE4F}.Release|Any CPU.Build.0 = Release|Any CPU
		{61292645-81DA-41FF-8087-4B455AEABE4F}.Release|x64.ActiveCfg = Release|Any CPU
		{61292645-81DA-41FF-8087-4B455AEABE4F}.Release|x64.Build.0 = Release|Any CPU
		{61292645-81DA-41FF-8087-4B455AEABE4F}.Release|x86.ActiveCfg = Release|Any CPU
		{61292645-81DA-41FF-8087-4B455AEABE4F}.Release|x86.Build.0 = Release|Any CPU
		{4DC86993-7BED-4869-8F7D-3F3EE96A8DEA}.Debug|Any CPU.ActiveCfg = Debug|Any CPU
		{4DC86993-7BED-4869-8F7D-3F3EE96A8DEA}.Debug|Any CPU.Build.0 = Debug|Any CPU
		{4DC86993-7BED-4869-8F7D-3F3EE96A8DEA}.Debug|x64.ActiveCfg = Debug|Any CPU
		{4DC86993-7BED-4869-8F7D-3F3EE96A8DEA}.Debug|x64.Build.0 = Debug|Any CPU
		{4DC86993-7BED-4869-8F7D-3F3EE96A8DEA}.Debug|x86.ActiveCfg = Debug|Any CPU
		{4DC86993-7BED-4869-8F7D-3F3EE96A8DEA}.Debug|x86.Build.0 = Debug|Any CPU
		{4DC86993-7BED-4869-8F7D-3F3EE96A8DEA}.Release|Any CPU.ActiveCfg = Release|Any CPU
		{4DC86993-7BED-4869-8F7D-3F3EE96A8DEA}.Release|Any CPU.Build.0 = Release|Any CPU
		{4DC86993-7BED-4869-8F7D-3F3EE96A8DEA}.Release|x64.ActiveCfg = Release|Any CPU
		{4DC86993-7BED-4869-8F7D-3F3EE96A8DEA}.Release|x64.Build.0 = Release|Any CPU
		{4DC86993-7BED-4869-8F7D-3F3EE96A8DEA}.Release|x86.ActiveCfg = Release|Any CPU
		{4DC86993-7BED-4869-8F7D-3F3EE96A8DEA}.Release|x86.Build.0 = Release|Any CPU
		{E375675E-8995-4320-AF34-5DC4BF599626}.Debug|Any CPU.ActiveCfg = Debug|Any CPU
		{E375675E-8995-4320-AF34-5DC4BF599626}.Debug|Any CPU.Build.0 = Debug|Any CPU
		{E375675E-8995-4320-AF34-5DC4BF599626}.Debug|x64.ActiveCfg = Debug|Any CPU
		{E375675E-8995-4320-AF34-5DC4BF599626}.Debug|x64.Build.0 = Debug|Any CPU
		{E375675E-8995-4320-AF34-5DC4BF599626}.Debug|x86.ActiveCfg = Debug|Any CPU
		{E375675E-8995-4320-AF34-5DC4BF599626}.Debug|x86.Build.0 = Debug|Any CPU
		{E375675E-8995-4320-AF34-5DC4BF599626}.Release|Any CPU.ActiveCfg = Release|Any CPU
		{E375675E-8995-4320-AF34-5DC4BF599626}.Release|Any CPU.Build.0 = Release|Any CPU
		{E375675E-8995-4320-AF34-5DC4BF599626}.Release|x64.ActiveCfg = Release|Any CPU
		{E375675E-8995-4320-AF34-5DC4BF599626}.Release|x64.Build.0 = Release|Any CPU
		{E375675E-8995-4320-AF34-5DC4BF599626}.Release|x86.ActiveCfg = Release|Any CPU
		{E375675E-8995-4320-AF34-5DC4BF599626}.Release|x86.Build.0 = Release|Any CPU
		{C91E4D86-E4ED-4E72-863C-96BF52C3B980}.Debug|Any CPU.ActiveCfg = Debug|Any CPU
		{C91E4D86-E4ED-4E72-863C-96BF52C3B980}.Debug|Any CPU.Build.0 = Debug|Any CPU
		{C91E4D86-E4ED-4E72-863C-96BF52C3B980}.Debug|x64.ActiveCfg = Debug|Any CPU
		{C91E4D86-E4ED-4E72-863C-96BF52C3B980}.Debug|x64.Build.0 = Debug|Any CPU
		{C91E4D86-E4ED-4E72-863C-96BF52C3B980}.Debug|x86.ActiveCfg = Debug|Any CPU
		{C91E4D86-E4ED-4E72-863C-96BF52C3B980}.Debug|x86.Build.0 = Debug|Any CPU
		{C91E4D86-E4ED-4E72-863C-96BF52C3B980}.Release|Any CPU.ActiveCfg = Release|Any CPU
		{C91E4D86-E4ED-4E72-863C-96BF52C3B980}.Release|Any CPU.Build.0 = Release|Any CPU
		{C91E4D86-E4ED-4E72-863C-96BF52C3B980}.Release|x64.ActiveCfg = Release|Any CPU
		{C91E4D86-E4ED-4E72-863C-96BF52C3B980}.Release|x64.Build.0 = Release|Any CPU
		{C91E4D86-E4ED-4E72-863C-96BF52C3B980}.Release|x86.ActiveCfg = Release|Any CPU
		{C91E4D86-E4ED-4E72-863C-96BF52C3B980}.Release|x86.Build.0 = Release|Any CPU
	EndGlobalSection
EndGlobal
